
Microsoft Visual Studio Solution File, Format Version 12.00
# Visual Studio Version 17
VisualStudioVersion = 17.0.32014.148
MinimumVisualStudioVersion = 10.0.40219.1
Project("{FAE04EC0-301F-11D3-BF4B-00C04F79EFBC}") = "RRRR", "RRRR.csproj", "{D07A4F43-DB3E-4163-A0A4-F8680C6BEFCF}"
EndProject
Global
	GlobalSection(SolutionConfigurationPlatforms) = preSolution
		Debug|Any CPU = Debug|Any CPU
		Release|Any CPU = Release|Any CPU
	EndGlobalSection
	GlobalSection(ProjectConfigurationPlatforms) = postSolution
		{D07A4F43-DB3E-4163-A0A4-F8680C6BEFCF}.Debug|Any CPU.ActiveCfg = Debug|Any CPU
		{D07A4F43-DB3E-4163-A0A4-F8680C6BEFCF}.Debug|Any CPU.Build.0 = Debug|Any CPU
		{D07A4F43-DB3E-4163-A0A4-F8680C6BEFCF}.Release|Any CPU.ActiveCfg = Release|Any CPU
		{D07A4F43-DB3E-4163-A0A4-F8680C6BEFCF}.Release|Any CPU.Build.0 = Release|Any CPU
	EndGlobalSection
	GlobalSection(SolutionProperties) = preSolution
		HideSolutionNode = FALSE
	EndGlobalSection
	GlobalSection(ExtensibilityGlobals) = postSolution
		SolutionGuid = {1E57473E-94B8-423B-A3AE-D11D459F6B47}
	EndGlobalSection
EndGlobal
